
Microsoft Visual Studio Solution File, Format Version 12.00
# Visual Studio 15
VisualStudioVersion = 15.0.28307.489
MinimumVisualStudioVersion = 10.0.40219.1
Project("{FAE04EC0-301F-11D3-BF4B-00C04F79EFBC}") = "PeopleSearch", "PeopleSearch\PeopleSearch.csproj", "{B645565F-743C-4B8F-B09B-870254C15B61}"
EndProject
Project("{FAE04EC0-301F-11D3-BF4B-00C04F79EFBC}") = "PeopleSearch.Tests", "PeopleSearch.Tests\PeopleSearch.Tests.csproj", "{3FF757FE-333E-4570-ABC1-06120DC29666}"
EndProject
Global
	GlobalSection(SolutionConfigurationPlatforms) = preSolution
		Debug|Any CPU = Debug|Any CPU
		Release|Any CPU = Release|Any CPU
	EndGlobalSection
	GlobalSection(ProjectConfigurationPlatforms) = postSolution
		{B645565F-743C-4B8F-B09B-870254C15B61}.Debug|Any CPU.ActiveCfg = Debug|Any CPU
		{B645565F-743C-4B8F-B09B-870254C15B61}.Debug|Any CPU.Build.0 = Debug|Any CPU
		{B645565F-743C-4B8F-B09B-870254C15B61}.Release|Any CPU.ActiveCfg = Release|Any CPU
		{B645565F-743C-4B8F-B09B-870254C15B61}.Release|Any CPU.Build.0 = Release|Any CPU
		{3FF757FE-333E-4570-ABC1-06120DC29666}.Debug|Any CPU.ActiveCfg = Debug|Any CPU
		{3FF757FE-333E-4570-ABC1-06120DC29666}.Debug|Any CPU.Build.0 = Debug|Any CPU
		{3FF757FE-333E-4570-ABC1-06120DC29666}.Release|Any CPU.ActiveCfg = Release|Any CPU
		{3FF757FE-333E-4570-ABC1-06120DC29666}.Release|Any CPU.Build.0 = Release|Any CPU
	EndGlobalSection
	GlobalSection(SolutionProperties) = preSolution
		HideSolutionNode = FALSE
	EndGlobalSection
	GlobalSection(ExtensibilityGlobals) = postSolution
		SolutionGuid = {EDC44C80-E50E-45C1-BCF4-12FFAE5F0841}
	EndGlobalSection
EndGlobal
